PODS:
  - BussinessPublicService (0.0.1)
  - DecouplingKit (0.0.1)

DEPENDENCIES:
  - BussinessPublicService (from `../BussinessPublicService`)
  - DecouplingKit (from `../../`)

EXTERNAL SOURCES:
  BussinessPublicService:
    :path: "../BussinessPublicService"
  DecouplingKit:
    :path: "../../"

SPEC CHECKSUMS:
  BussinessPublicService: 671cb1e5f60c09eefdf5f28eaee170220068a654
  DecouplingKit: b161139761b02057b107f0b4fc8871c11611f947

PODFILE CHECKSUM: bf9066636b339656f63262344b3e56cd02d59837

COCOAPODS: 1.0.1
