PODS:
  - BussinessPublicService (0.0.1)
  - DecouplingKit (0.0.2)

DEPENDENCIES:
  - BussinessPublicService (from `../BussinessPublicService`)
  - DecouplingKit (from `../../`)

EXTERNAL SOURCES:
  BussinessPublicService:
    :path: ../BussinessPublicService
  DecouplingKit:
    :path: ../../

SPEC CHECKSUMS:
  BussinessPublicService: 671cb1e5f60c09eefdf5f28eaee170220068a654
  DecouplingKit: 77c56383787059f35c56668136d78f8add6f0359

PODFILE CHECKSUM: 9c6833c0fa7015c6f076256b15fcb0e70f45349e

COCOAPODS: 1.1.0.rc.2
